// !$*UTF8*$!
{
	archiveVersion = 1;
	classes = {
	};
	objectVersion = 60;
	objects = {

/* Begin PBXBuildFile section */
		B51C95BD2EF1AFE8004787DD /* AppDelegate.swift in Sources */ = {isa = PBXBuildFile; fileRef = B51C95BC2EF1AFE8004787DD /* AppDelegate.swift */; };
		B51C95BF2EF1AFE8004787DD /* SceneDelegate.swift in Sources */ = {isa = PBXBuildFile; fileRef = B51C95BE2EF1AFE8004787DD /* SceneDelegate.swift */; };
		B51C95C12EF1AFE8004787DD /* ViewController.swift in Sources */ = {isa = PBXBuildFile; fileRef = B51C95C02EF1AFE8004787DD /* ViewController.swift */; };
		B51C95C42EF1AFE8004787DD /* Main.storyboard in Resources */ = {isa = PBXBuildFile; fileRef = B51C95C22EF1AFE8004787DD /* Main.storyboard */; };
		B51C95C62EF1AFE9004787DD /* Assets.xcassets in Resources */ = {isa = PBXBuildFile; fileRef = B51C95C52EF1AFE9004787DD /* Assets.xcassets */; };
		B51C95C92EF1AFE9004787DD /* LaunchScreen.storyboard in Resources */ = {isa = PBXBuildFile; fileRef = B51C95C72EF1AFE9004787DD /* LaunchScreen.storyboard */; };
		B51C95DD2EF1C28D004787DD /* SplashViewController.swift in Sources */ = {isa = PBXBuildFile; fileRef = B51C95DC2EF1C28D004787DD /* SplashViewController.swift */; };
		B51C95DF2EF1C2A4004787DD /* LoginViewController.swift in Sources */ = {isa = PBXBuildFile; fileRef = B51C95DE2EF1C2A4004787DD /* LoginViewController.swift */; };
		B51C95E22EF1C4AB004787DD /* KeychainManager.swift in Sources */ = {isa = PBXBuildFile; fileRef = B51C95E12EF1C4AB004787DD /* KeychainManager.swift */; };
		B51C95E42EF1C589004787DD /* AuthViewModel.swift in Sources */ = {isa = PBXBuildFile; fileRef = B51C95E32EF1C589004787DD /* AuthViewModel.swift */; };
		B51C95E62EF1C5B5004787DD /* WelcomeViewController.swift in Sources */ = {isa = PBXBuildFile; fileRef = B51C95E52EF1C5B5004787DD /* WelcomeViewController.swift */; };
		B51C95E82EF1C5C6004787DD /* RegisterViewController.swift in Sources */ = {isa = PBXBuildFile; fileRef = B51C95E72EF1C5C6004787DD /* RegisterViewController.swift */; };
		B51C95EB2EF1C663004787DD /* ApiManager.swift in Sources */ = {isa = PBXBuildFile; fileRef = B51C95EA2EF1C663004787DD /* ApiManager.swift */; };
		B51C95EE2EF1CDB1004787DD /* CarouselCell.swift in Sources */ = {isa = PBXBuildFile; fileRef = B51C95ED2EF1CDB1004787DD /* CarouselCell.swift */; };
		B51C95F02EF1CE37004787DD /* MovieCell.swift in Sources */ = {isa = PBXBuildFile; fileRef = B51C95EF2EF1CE37004787DD /* MovieCell.swift */; };
		B51C95F22EF1D508004787DD /* UImage.swift in Sources */ = {isa = PBXBuildFile; fileRef = B51C95F12EF1D508004787DD /* UImage.swift */; };
		B51C95F42EF1D8CA004787DD /* Movie.swift in Sources */ = {isa = PBXBuildFile; fileRef = B51C95F32EF1D8CA004787DD /* Movie.swift */; };
		B5499D9C2EF30C0600D80BB3 /* Trailer.swift in Sources */ = {isa = PBXBuildFile; fileRef = B5499D9B2EF30C0600D80BB3 /* Trailer.swift */; };
		B5499DA12EF30DA800D80BB3 /* MovieResponse.swift in Sources */ = {isa = PBXBuildFile; fileRef = B5499DA02EF30DA800D80BB3 /* MovieResponse.swift */; };
		B5499DA32EF30DD400D80BB3 /* TrailerResponse.swift in Sources */ = {isa = PBXBuildFile; fileRef = B5499DA22EF30DD400D80BB3 /* TrailerResponse.swift */; };
		B5499DA52EF30FC800D80BB3 /* WelcomeViewModel.swift in Sources */ = {isa = PBXBuildFile; fileRef = B5499DA42EF30FC800D80BB3 /* WelcomeViewModel.swift */; };
		B5499DA82EF3105700D80BB3 /* MovieRepository.swift in Sources */ = {isa = PBXBuildFile; fileRef = B5499DA72EF3105700D80BB3 /* MovieRepository.swift */; };
		B5499DAA2EF3140200D80BB3 /* Cast.swift in Sources */ = {isa = PBXBuildFile; fileRef = B5499DA92EF3140200D80BB3 /* Cast.swift */; };
		B5499DAC2EF3154600D80BB3 /* MovieDetailViewModel.swift in Sources */ = {isa = PBXBuildFile; fileRef = B5499DAB2EF3154600D80BB3 /* MovieDetailViewModel.swift */; };
		B5499DAE2EF3156900D80BB3 /* MovieDetailViewController.swift in Sources */ = {isa = PBXBuildFile; fileRef = B5499DAD2EF3156900D80BB3 /* MovieDetailViewController.swift */; };
		B5499DB12EF3170B00D80BB3 /* MovieEndpoint.swift in Sources */ = {isa = PBXBuildFile; fileRef = B5499DB02EF3170B00D80BB3 /* MovieEndpoint.swift */; };
		B5499DB32EF3178500D80BB3 /* SectionHeaderView.swift in Sources */ = {isa = PBXBuildFile; fileRef = B5499DB22EF3178500D80BB3 /* SectionHeaderView.swift */; };
		B5499DB52EF317C500D80BB3 /* MovieSection.swift in Sources */ = {isa = PBXBuildFile; fileRef = B5499DB42EF317C500D80BB3 /* MovieSection.swift */; };
		B5499DB72EF31F1400D80BB3 /* FavoritesManager.swift in Sources */ = {isa = PBXBuildFile; fileRef = B5499DB62EF31F1400D80BB3 /* FavoritesManager.swift */; };
		B5499DB92EF31F2A00D80BB3 /* FavoritesViewController.swift in Sources */ = {isa = PBXBuildFile; fileRef = B5499DB82EF31F2A00D80BB3 /* FavoritesViewController.swift */; };
		B5499DBB2EF31F4D00D80BB3 /* MainTabBarController.swift in Sources */ = {isa = PBXBuildFile; fileRef = B5499DBA2EF31F4D00D80BB3 /* MainTabBarController.swift */; };
		B5499DBD2EF320E900D80BB3 /* SearchViewModel.swift in Sources */ = {isa = PBXBuildFile; fileRef = B5499DBC2EF320E900D80BB3 /* SearchViewModel.swift */; };
		B5499DBF2EF320FC00D80BB3 /* SearchViewController.swift in Sources */ = {isa = PBXBuildFile; fileRef = B5499DBE2EF320FC00D80BB3 /* SearchViewController.swift */; };
		B5499DC12EF3211100D80BB3 /* ProfileViewController.swift in Sources */ = {isa = PBXBuildFile; fileRef = B5499DC02EF3211100D80BB3 /* ProfileViewController.swift */; };
		B5499DC32EF32C7300D80BB3 /* Genre.swift in Sources */ = {isa = PBXBuildFile; fileRef = B5499DC22EF32C7300D80BB3 /* Genre.swift */; };
		B5499DC52EF32C8700D80BB3 /* GenreResponse.swift in Sources */ = {isa = PBXBuildFile; fileRef = B5499DC42EF32C8700D80BB3 /* GenreResponse.swift */; };
		B5499DC72EF32CE100D80BB3 /* CategoryCell.swift in Sources */ = {isa = PBXBuildFile; fileRef = B5499DC62EF32CE100D80BB3 /* CategoryCell.swift */; };
		B58DC8C52EF4D22300A616D3 /* Kingfisher in Frameworks */ = {isa = PBXBuildFile; productRef = B58DC8C42EF4D22300A616D3 /* Kingfisher */; };
		B58DC8C72EF4DFF100A616D3 /* NotificationSettingsViewController.swift in Sources */ = {isa = PBXBuildFile; fileRef = B58DC8C62EF4DFF100A616D3 /* NotificationSettingsViewController.swift */; };
		B58DC8C92EF4E53300A616D3 /* AIViewController.swift in Sources */ = {isa = PBXBuildFile; fileRef = B58DC8C82EF4E53300A616D3 /* AIViewController.swift */; };
		B58DC8CB2EF4E7E000A616D3 /* RouletteViewController.swift in Sources */ = {isa = PBXBuildFile; fileRef = B58DC8CA2EF4E7E000A616D3 /* RouletteViewController.swift */; };
		B59B56CC2EF704910013ADDD /* MoodMatcherViewController.swift in Sources */ = {isa = PBXBuildFile; fileRef = B59B56CB2EF704910013ADDD /* MoodMatcherViewController.swift */; };
		B59B56CF2EF70B670013ADDD /* QuizViewController.swift in Sources */ = {isa = PBXBuildFile; fileRef = B59B56CE2EF70B670013ADDD /* QuizViewController.swift */; };
		B59B56D12EF70F640013ADDD /* Question.swift in Sources */ = {isa = PBXBuildFile; fileRef = B59B56D02EF70F640013ADDD /* Question.swift */; };
		B59B56D32EF70F8A0013ADDD /* QuizOption.swift in Sources */ = {isa = PBXBuildFile; fileRef = B59B56D22EF70F8A0013ADDD /* QuizOption.swift */; };
		B59B56D52EF712DA0013ADDD /* QuizViewModel.swift in Sources */ = {isa = PBXBuildFile; fileRef = B59B56D42EF712DA0013ADDD /* QuizViewModel.swift */; };
		B59B56D72EF714580013ADDD /* MoodMatcherViewModel.swift in Sources */ = {isa = PBXBuildFile; fileRef = B59B56D62EF714580013ADDD /* MoodMatcherViewModel.swift */; };
/* End PBXBuildFile section */

/* Begin PBXFileReference section */
		B51C95B92EF1AFE8004787DD /* Proyecto.app */ = {isa = PBXFileReference; explicitFileType = wrapper.application; includeInIndex = 0; path = Proyecto.app; sourceTree = BUILT_PRODUCTS_DIR; };
		B51C95BC2EF1AFE8004787DD /* AppDelegate.swift */ = {isa = PBXFileReference; lastKnownFileType = sourcecode.swift; path = AppDelegate.swift; sourceTree = "<group>"; };
		B51C95BE2EF1AFE8004787DD /* SceneDelegate.swift */ = {isa = PBXFileReference; lastKnownFileType = sourcecode.swift; path = SceneDelegate.swift; sourceTree = "<group>"; };
		B51C95C02EF1AFE8004787DD /* ViewController.swift */ = {isa = PBXFileReference; lastKnownFileType = sourcecode.swift; path = ViewController.swift; sourceTree = "<group>"; };
		B51C95C32EF1AFE8004787DD /* Base */ = {isa = PBXFileReference; lastKnownFileType = file.storyboard; name = Base; path = Base.lproj/Main.storyboard; sourceTree = "<group>"; };
		B51C95C52EF1AFE9004787DD /* Assets.xcassets */ = {isa = PBXFileReference; lastKnownFileType = folder.assetcatalog; path = Assets.xcassets; sourceTree = "<group>"; };
		B51C95C82EF1AFE9004787DD /* Base */ = {isa = PBXFileReference; lastKnownFileType = file.storyboard; name = Base; path = Base.lproj/LaunchScreen.storyboard; sourceTree = "<group>"; };
		B51C95CA2EF1AFE9004787DD /* Info.plist */ = {isa = PBXFileReference; lastKnownFileType = text.plist.xml; path = Info.plist; sourceTree = "<group>"; };
		B51C95DC2EF1C28D004787DD /* SplashViewController.swift */ = {isa = PBXFileReference; lastKnownFileType = sourcecode.swift; path = SplashViewController.swift; sourceTree = "<group>"; };
		B51C95DE2EF1C2A4004787DD /* LoginViewController.swift */ = {isa = PBXFileReference; lastKnownFileType = sourcecode.swift; path = LoginViewController.swift; sourceTree = "<group>"; };
		B51C95E12EF1C4AB004787DD /* KeychainManager.swift */ = {isa = PBXFileReference; lastKnownFileType = sourcecode.swift; path = KeychainManager.swift; sourceTree = "<group>"; };
		B51C95E32EF1C589004787DD /* AuthViewModel.swift */ = {isa = PBXFileReference; lastKnownFileType = sourcecode.swift; path = AuthViewModel.swift; sourceTree = "<group>"; };
		B51C95E52EF1C5B5004787DD /* WelcomeViewController.swift */ = {isa = PBXFileReference; lastKnownFileType = sourcecode.swift; path = WelcomeViewController.swift; sourceTree = "<group>"; };
		B51C95E72EF1C5C6004787DD /* RegisterViewController.swift */ = {isa = PBXFileReference; lastKnownFileType = sourcecode.swift; path = RegisterViewController.swift; sourceTree = "<group>"; };
		B51C95EA2EF1C663004787DD /* ApiManager.swift */ = {isa = PBXFileReference; lastKnownFileType = sourcecode.swift; path = ApiManager.swift; sourceTree = "<group>"; };
		B51C95ED2EF1CDB1004787DD /* CarouselCell.swift */ = {isa = PBXFileReference; lastKnownFileType = sourcecode.swift; path = CarouselCell.swift; sourceTree = "<group>"; };
		B51C95EF2EF1CE37004787DD /* MovieCell.swift */ = {isa = PBXFileReference; lastKnownFileType = sourcecode.swift; path = MovieCell.swift; sourceTree = "<group>"; };
		B51C95F12EF1D508004787DD /* UImage.swift */ = {isa = PBXFileReference; lastKnownFileType = sourcecode.swift; path = UImage.swift; sourceTree = "<group>"; };
		B51C95F32EF1D8CA004787DD /* Movie.swift */ = {isa = PBXFileReference; lastKnownFileType = sourcecode.swift; path = Movie.swift; sourceTree = "<group>"; };
		B5499D9B2EF30C0600D80BB3 /* Trailer.swift */ = {isa = PBXFileReference; lastKnownFileType = sourcecode.swift; path = Trailer.swift; sourceTree = "<group>"; };
		B5499DA02EF30DA800D80BB3 /* MovieResponse.swift */ = {isa = PBXFileReference; lastKnownFileType = sourcecode.swift; path = MovieResponse.swift; sourceTree = "<group>"; };
		B5499DA22EF30DD400D80BB3 /* TrailerResponse.swift */ = {isa = PBXFileReference; lastKnownFileType = sourcecode.swift; path = TrailerResponse.swift; sourceTree = "<group>"; };
		B5499DA42EF30FC800D80BB3 /* WelcomeViewModel.swift */ = {isa = PBXFileReference; lastKnownFileType = sourcecode.swift; path = WelcomeViewModel.swift; sourceTree = "<group>"; };
		B5499DA72EF3105700D80BB3 /* MovieRepository.swift */ = {isa = PBXFileReference; lastKnownFileType = sourcecode.swift; path = MovieRepository.swift; sourceTree = "<group>"; };
		B5499DA92EF3140200D80BB3 /* Cast.swift */ = {isa = PBXFileReference; lastKnownFileType = sourcecode.swift; path = Cast.swift; sourceTree = "<group>"; };
		B5499DAB2EF3154600D80BB3 /* MovieDetailViewModel.swift */ = {isa = PBXFileReference; lastKnownFileType = sourcecode.swift; path = MovieDetailViewModel.swift; sourceTree = "<group>"; };
		B5499DAD2EF3156900D80BB3 /* MovieDetailViewController.swift */ = {isa = PBXFileReference; lastKnownFileType = sourcecode.swift; path = MovieDetailViewController.swift; sourceTree = "<group>"; };
		B5499DB02EF3170B00D80BB3 /* MovieEndpoint.swift */ = {isa = PBXFileReference; lastKnownFileType = sourcecode.swift; path = MovieEndpoint.swift; sourceTree = "<group>"; };
		B5499DB22EF3178500D80BB3 /* SectionHeaderView.swift */ = {isa = PBXFileReference; lastKnownFileType = sourcecode.swift; path = SectionHeaderView.swift; sourceTree = "<group>"; };
		B5499DB42EF317C500D80BB3 /* MovieSection.swift */ = {isa = PBXFileReference; lastKnownFileType = sourcecode.swift; path = MovieSection.swift; sourceTree = "<group>"; };
		B5499DB62EF31F1400D80BB3 /* FavoritesManager.swift */ = {isa = PBXFileReference; lastKnownFileType = sourcecode.swift; path = FavoritesManager.swift; sourceTree = "<group>"; };
		B5499DB82EF31F2A00D80BB3 /* FavoritesViewController.swift */ = {isa = PBXFileReference; lastKnownFileType = sourcecode.swift; path = FavoritesViewController.swift; sourceTree = "<group>"; };
		B5499DBA2EF31F4D00D80BB3 /* MainTabBarController.swift */ = {isa = PBXFileReference; lastKnownFileType = sourcecode.swift; path = MainTabBarController.swift; sourceTree = "<group>"; };
		B5499DBC2EF320E900D80BB3 /* SearchViewModel.swift */ = {isa = PBXFileReference; lastKnownFileType = sourcecode.swift; path = SearchViewModel.swift; sourceTree = "<group>"; };
		B5499DBE2EF320FC00D80BB3 /* SearchViewController.swift */ = {isa = PBXFileReference; lastKnownFileType = sourcecode.swift; path = SearchViewController.swift; sourceTree = "<group>"; };
		B5499DC02EF3211100D80BB3 /* ProfileViewController.swift */ = {isa = PBXFileReference; lastKnownFileType = sourcecode.swift; path = ProfileViewController.swift; sourceTree = "<group>"; };
		B5499DC22EF32C7300D80BB3 /* Genre.swift */ = {isa = PBXFileReference; lastKnownFileType = sourcecode.swift; path = Genre.swift; sourceTree = "<group>"; };
		B5499DC42EF32C8700D80BB3 /* GenreResponse.swift */ = {isa = PBXFileReference; lastKnownFileType = sourcecode.swift; path = GenreResponse.swift; sourceTree = "<group>"; };
		B5499DC62EF32CE100D80BB3 /* CategoryCell.swift */ = {isa = PBXFileReference; lastKnownFileType = sourcecode.swift; path = CategoryCell.swift; sourceTree = "<group>"; };
		B58DC8C22EF4D1B100A616D3 /* Kingfisher-master */ = {isa = PBXFileReference; lastKnownFileType = wrapper; name = "Kingfisher-master"; path = "../Kingfisher-master"; sourceTree = "<group>"; };
		B58DC8C62EF4DFF100A616D3 /* NotificationSettingsViewController.swift */ = {isa = PBXFileReference; lastKnownFileType = sourcecode.swift; path = NotificationSettingsViewController.swift; sourceTree = "<group>"; };
		B58DC8C82EF4E53300A616D3 /* AIViewController.swift */ = {isa = PBXFileReference; lastKnownFileType = sourcecode.swift; path = AIViewController.swift; sourceTree = "<group>"; };
		B58DC8CA2EF4E7E000A616D3 /* RouletteViewController.swift */ = {isa = PBXFileReference; lastKnownFileType = sourcecode.swift; path = RouletteViewController.swift; sourceTree = "<group>"; };
		B59B56CB2EF704910013ADDD /* MoodMatcherViewController.swift */ = {isa = PBXFileReference; lastKnownFileType = sourcecode.swift; path = MoodMatcherViewController.swift; sourceTree = "<group>"; };
		B59B56CE2EF70B670013ADDD /* QuizViewController.swift */ = {isa = PBXFileReference; lastKnownFileType = sourcecode.swift; path = QuizViewController.swift; sourceTree = "<group>"; };
		B59B56D02EF70F640013ADDD /* Question.swift */ = {isa = PBXFileReference; lastKnownFileType = sourcecode.swift; path = Question.swift; sourceTree = "<group>"; };
		B59B56D22EF70F8A0013ADDD /* QuizOption.swift */ = {isa = PBXFileReference; lastKnownFileType = sourcecode.swift; path = QuizOption.swift; sourceTree = "<group>"; };
		B59B56D42EF712DA0013ADDD /* QuizViewModel.swift */ = {isa = PBXFileReference; lastKnownFileType = sourcecode.swift; path = QuizViewModel.swift; sourceTree = "<group>"; };
		B59B56D62EF714580013ADDD /* MoodMatcherViewModel.swift */ = {isa = PBXFileReference; lastKnownFileType = sourcecode.swift; path = MoodMatcherViewModel.swift; sourceTree = "<group>"; };
/* End PBXFileReference section */

/* Begin PBXFrameworksBuildPhase section */
		B51C95B62EF1AFE8004787DD /* Frameworks */ = {
			isa = PBXFrameworksBuildPhase;
			buildActionMask = 2147483647;
			files = (
				B58DC8C52EF4D22300A616D3 /* Kingfisher in Frameworks */,
			);
			runOnlyForDeploymentPostprocessing = 0;
		};
/* End PBXFrameworksBuildPhase section */

/* Begin PBXGroup section */
		B51C95B02EF1AFE8004787DD = {
			isa = PBXGroup;
			children = (
				B51C95BB2EF1AFE8004787DD /* Proyecto */,
				B51C95BA2EF1AFE8004787DD /* Products */,
				B5499D972EF308E600D80BB3 /* Frameworks */,
			);
			sourceTree = "<group>";
		};
		B51C95BA2EF1AFE8004787DD /* Products */ = {
			isa = PBXGroup;
			children = (
				B51C95B92EF1AFE8004787DD /* Proyecto.app */,
			);
			name = Products;
			sourceTree = "<group>";
		};
		B51C95BB2EF1AFE8004787DD /* Proyecto */ = {
			isa = PBXGroup;
			children = (
				B5499DA62EF3103700D80BB3 /* Repository */,
				B51C95EC2EF1CDA4004787DD /* Cells */,
				B51C95E92EF1C657004787DD /* Network */,
				B51C95E02EF1C491004787DD /* Config */,
				B51C95D72EF1B71B004787DD /* Resource */,
				B51C95D52EF1B6CE004787DD /* App */,
				B51C95D42EF1B656004787DD /* Models */,
				B51C95D22EF1B631004787DD /* ViewModels */,
				B51C95D02EF1B624004787DD /* View */,
				B51C95CA2EF1AFE9004787DD /* Info.plist */,
			);
			path = Proyecto;
			sourceTree = "<group>";
		};
		B51C95D02EF1B624004787DD /* View */ = {
			isa = PBXGroup;
			children = (
				B51C95DE2EF1C2A4004787DD /* LoginViewController.swift */,
				B51C95DC2EF1C28D004787DD /* SplashViewController.swift */,
				B51C95C02EF1AFE8004787DD /* ViewController.swift */,
				B51C95C72EF1AFE9004787DD /* LaunchScreen.storyboard */,
				B51C95C22EF1AFE8004787DD /* Main.storyboard */,
				B51C95E52EF1C5B5004787DD /* WelcomeViewController.swift */,
				B51C95E72EF1C5C6004787DD /* RegisterViewController.swift */,
				B5499DAD2EF3156900D80BB3 /* MovieDetailViewController.swift */,
				B5499DB22EF3178500D80BB3 /* SectionHeaderView.swift */,
				B5499DB82EF31F2A00D80BB3 /* FavoritesViewController.swift */,
				B5499DBA2EF31F4D00D80BB3 /* MainTabBarController.swift */,
				B5499DBE2EF320FC00D80BB3 /* SearchViewController.swift */,
				B5499DC02EF3211100D80BB3 /* ProfileViewController.swift */,
				B58DC8C62EF4DFF100A616D3 /* NotificationSettingsViewController.swift */,
				B58DC8C82EF4E53300A616D3 /* AIViewController.swift */,
				B58DC8CA2EF4E7E000A616D3 /* RouletteViewController.swift */,
				B59B56CB2EF704910013ADDD /* MoodMatcherViewController.swift */,
				B59B56CE2EF70B670013ADDD /* QuizViewController.swift */,
			);
			path = View;
			sourceTree = "<group>";
		};
		B51C95D22EF1B631004787DD /* ViewModels */ = {
			isa = PBXGroup;
			children = (
				B51C95E32EF1C589004787DD /* AuthViewModel.swift */,
				B5499DA42EF30FC800D80BB3 /* WelcomeViewModel.swift */,
				B5499DAB2EF3154600D80BB3 /* MovieDetailViewModel.swift */,
				B5499DBC2EF320E900D80BB3 /* SearchViewModel.swift */,
				B59B56D42EF712DA0013ADDD /* QuizViewModel.swift */,
				B59B56D62EF714580013ADDD /* MoodMatcherViewModel.swift */,
			);
			path = ViewModels;
			sourceTree = "<group>";
		};
		B51C95D42EF1B656004787DD /* Models */ = {
			isa = PBXGroup;
			children = (
				B5499DAF2EF316F700D80BB3 /* Enum */,
				B5499D9D2EF30D7600D80BB3 /* Dto */,
				B51C95F32EF1D8CA004787DD /* Movie.swift */,
				B5499D9B2EF30C0600D80BB3 /* Trailer.swift */,
				B5499DA92EF3140200D80BB3 /* Cast.swift */,
				B5499DC22EF32C7300D80BB3 /* Genre.swift */,
				B59B56D02EF70F640013ADDD /* Question.swift */,
				B59B56D22EF70F8A0013ADDD /* QuizOption.swift */,
			);
			path = Models;
			sourceTree = "<group>";
		};
		B51C95D52EF1B6CE004787DD /* App */ = {
			isa = PBXGroup;
			children = (
				B51C95BC2EF1AFE8004787DD /* AppDelegate.swift */,
				B51C95BE2EF1AFE8004787DD /* SceneDelegate.swift */,
			);
			path = App;
			sourceTree = "<group>";
		};
		B51C95D72EF1B71B004787DD /* Resource */ = {
			isa = PBXGroup;
			children = (
				B51C95C52EF1AFE9004787DD /* Assets.xcassets */,
			);
			path = Resource;
			sourceTree = "<group>";
		};
		B51C95E02EF1C491004787DD /* Config */ = {
			isa = PBXGroup;
			children = (
				B51C95E12EF1C4AB004787DD /* KeychainManager.swift */,
				B51C95F12EF1D508004787DD /* UImage.swift */,
				B5499DB62EF31F1400D80BB3 /* FavoritesManager.swift */,
			);
			path = Config;
			sourceTree = "<group>";
		};
		B51C95E92EF1C657004787DD /* Network */ = {
			isa = PBXGroup;
			children = (
				B51C95EA2EF1C663004787DD /* ApiManager.swift */,
			);
			path = Network;
			sourceTree = "<group>";
		};
		B51C95EC2EF1CDA4004787DD /* Cells */ = {
			isa = PBXGroup;
			children = (
				B51C95ED2EF1CDB1004787DD /* CarouselCell.swift */,
				B51C95EF2EF1CE37004787DD /* MovieCell.swift */,
				B5499DC62EF32CE100D80BB3 /* CategoryCell.swift */,
			);
			path = Cells;
			sourceTree = "<group>";
		};
		B5499D972EF308E600D80BB3 /* Frameworks */ = {
			isa = PBXGroup;
			children = (
				B58DC8C22EF4D1B100A616D3 /* Kingfisher-master */,
			);
			name = Frameworks;
			sourceTree = "<group>";
		};
		B5499D9D2EF30D7600D80BB3 /* Dto */ = {
			isa = PBXGroup;
			children = (
				B5499DA02EF30DA800D80BB3 /* MovieResponse.swift */,
				B5499DA22EF30DD400D80BB3 /* TrailerResponse.swift */,
				B5499DC42EF32C8700D80BB3 /* GenreResponse.swift */,
			);
			path = Dto;
			sourceTree = "<group>";
		};
		B5499DA62EF3103700D80BB3 /* Repository */ = {
			isa = PBXGroup;
			children = (
				B5499DA72EF3105700D80BB3 /* MovieRepository.swift */,
			);
			path = Repository;
			sourceTree = "<group>";
		};
		B5499DAF2EF316F700D80BB3 /* Enum */ = {
			isa = PBXGroup;
			children = (
				B5499DB02EF3170B00D80BB3 /* MovieEndpoint.swift */,
				B5499DB42EF317C500D80BB3 /* MovieSection.swift */,
			);
			path = Enum;
			sourceTree = "<group>";
		};
/* End PBXGroup section */

/* Begin PBXNativeTarget section */
		B51C95B82EF1AFE8004787DD /* Proyecto */ = {
			isa = PBXNativeTarget;
			buildConfigurationList = B51C95CD2EF1AFE9004787DD /* Build configuration list for PBXNativeTarget "Proyecto" */;
			buildPhases = (
				B51C95B52EF1AFE8004787DD /* Sources */,
				B51C95B62EF1AFE8004787DD /* Frameworks */,
				B51C95B72EF1AFE8004787DD /* Resources */,
			);
			buildRules = (
			);
			dependencies = (
			);
			name = Proyecto;
			packageProductDependencies = (
				B58DC8C42EF4D22300A616D3 /* Kingfisher */,
			);
			productName = Proyecto;
			productReference = B51C95B92EF1AFE8004787DD /* Proyecto.app */;
			productType = "com.apple.product-type.application";
		};
/* End PBXNativeTarget section */

/* Begin PBXProject section */
		B51C95B12EF1AFE8004787DD /* Project object */ = {
			isa = PBXProject;
			attributes = {
				BuildIndependentTargetsInParallel = 1;
				KnownAssetTags = (
					New,
				);
				LastSwiftUpdateCheck = 1520;
				LastUpgradeCheck = 1520;
				TargetAttributes = {
					B51C95B82EF1AFE8004787DD = {
						CreatedOnToolsVersion = 15.2;
					};
				};
			};
			buildConfigurationList = B51C95B42EF1AFE8004787DD /* Build configuration list for PBXProject "Proyecto" */;
			compatibilityVersion = "Xcode 14.0";
			developmentRegion = en;
			hasScannedForEncodings = 0;
			knownRegions = (
				en,
				Base,
			);
			mainGroup = B51C95B02EF1AFE8004787DD;
			packageReferences = (
				B58DC8C32EF4D22300A616D3 /* XCLocalSwiftPackageReference "../Kingfisher-master" */,
			);
			productRefGroup = B51C95BA2EF1AFE8004787DD /* Products */;
			projectDirPath = "";
			projectRoot = "";
			targets = (
				B51C95B82EF1AFE8004787DD /* Proyecto */,
			);
		};
/* End PBXProject section */

/* Begin PBXResourcesBuildPhase section */
		B51C95B72EF1AFE8004787DD /* Resources */ = {
			isa = PBXResourcesBuildPhase;
			buildActionMask = 2147483647;
			files = (
				B51C95C92EF1AFE9004787DD /* LaunchScreen.storyboard in Resources */,
				B51C95C62EF1AFE9004787DD /* Assets.xcassets in Resources */,
				B51C95C42EF1AFE8004787DD /* Main.storyboard in Resources */,
			);
			runOnlyForDeploymentPostprocessing = 0;
		};
/* End PBXResourcesBuildPhase section */

/* Begin PBXSourcesBuildPhase section */
		B51C95B52EF1AFE8004787DD /* Sources */ = {
			isa = PBXSourcesBuildPhase;
			buildActionMask = 2147483647;
			files = (
				B5499DBF2EF320FC00D80BB3 /* SearchViewController.swift in Sources */,
				B51C95F42EF1D8CA004787DD /* Movie.swift in Sources */,
				B59B56CC2EF704910013ADDD /* MoodMatcherViewController.swift in Sources */,
				B5499DB92EF31F2A00D80BB3 /* FavoritesViewController.swift in Sources */,
				B5499DA52EF30FC800D80BB3 /* WelcomeViewModel.swift in Sources */,
				B5499D9C2EF30C0600D80BB3 /* Trailer.swift in Sources */,
				B59B56D32EF70F8A0013ADDD /* QuizOption.swift in Sources */,
				B51C95F22EF1D508004787DD /* UImage.swift in Sources */,
				B51C95E82EF1C5C6004787DD /* RegisterViewController.swift in Sources */,
				B59B56D52EF712DA0013ADDD /* QuizViewModel.swift in Sources */,
				B5499DAC2EF3154600D80BB3 /* MovieDetailViewModel.swift in Sources */,
				B51C95C12EF1AFE8004787DD /* ViewController.swift in Sources */,
				B51C95F02EF1CE37004787DD /* MovieCell.swift in Sources */,
				B51C95EE2EF1CDB1004787DD /* CarouselCell.swift in Sources */,
				B58DC8C72EF4DFF100A616D3 /* NotificationSettingsViewController.swift in Sources */,
				B5499DBB2EF31F4D00D80BB3 /* MainTabBarController.swift in Sources */,
				B5499DC12EF3211100D80BB3 /* ProfileViewController.swift in Sources */,
				B5499DA82EF3105700D80BB3 /* MovieRepository.swift in Sources */,
				B51C95EB2EF1C663004787DD /* ApiManager.swift in Sources */,
				B5499DB72EF31F1400D80BB3 /* FavoritesManager.swift in Sources */,
				B51C95E62EF1C5B5004787DD /* WelcomeViewController.swift in Sources */,
				B5499DC72EF32CE100D80BB3 /* CategoryCell.swift in Sources */,
				B5499DB12EF3170B00D80BB3 /* MovieEndpoint.swift in Sources */,
				B59B56CF2EF70B670013ADDD /* QuizViewController.swift in Sources */,
				B51C95E22EF1C4AB004787DD /* KeychainManager.swift in Sources */,
				B5499DAA2EF3140200D80BB3 /* Cast.swift in Sources */,
				B58DC8C92EF4E53300A616D3 /* AIViewController.swift in Sources */,
				B59B56D12EF70F640013ADDD /* Question.swift in Sources */,
				B5499DBD2EF320E900D80BB3 /* SearchViewModel.swift in Sources */,
				B51C95BD2EF1AFE8004787DD /* AppDelegate.swift in Sources */,
				B51C95E42EF1C589004787DD /* AuthViewModel.swift in Sources */,
				B58DC8CB2EF4E7E000A616D3 /* RouletteViewController.swift in Sources */,
				B5499DC32EF32C7300D80BB3 /* Genre.swift in Sources */,
				B51C95BF2EF1AFE8004787DD /* SceneDelegate.swift in Sources */,
				B5499DA12EF30DA800D80BB3 /* MovieResponse.swift in Sources */,
				B5499DB52EF317C500D80BB3 /* MovieSection.swift in Sources */,
				B5499DB32EF3178500D80BB3 /* SectionHeaderView.swift in Sources */,
				B51C95DF2EF1C2A4004787DD /* LoginViewController.swift in Sources */,
				B59B56D72EF714580013ADDD /* MoodMatcherViewModel.swift in Sources */,
				B51C95DD2EF1C28D004787DD /* SplashViewController.swift in Sources */,
				B5499DAE2EF3156900D80BB3 /* MovieDetailViewController.swift in Sources */,
				B5499DA32EF30DD400D80BB3 /* TrailerResponse.swift in Sources */,
				B5499DC52EF32C8700D80BB3 /* GenreResponse.swift in Sources */,
			);
			runOnlyForDeploymentPostprocessing = 0;
		};
/* End PBXSourcesBuildPhase section */

/* Begin PBXVariantGroup section */
		B51C95C22EF1AFE8004787DD /* Main.storyboard */ = {
			isa = PBXVariantGroup;
			children = (
				B51C95C32EF1AFE8004787DD /* Base */,
			);
			name = Main.storyboard;
			sourceTree = "<group>";
		};
		B51C95C72EF1AFE9004787DD /* LaunchScreen.storyboard */ = {
			isa = PBXVariantGroup;
			children = (
				B51C95C82EF1AFE9004787DD /* Base */,
			);
			name = LaunchScreen.storyboard;
			sourceTree = "<group>";
		};
/* End PBXVariantGroup section */

/* Begin XCBuildConfiguration section */
		B51C95CB2EF1AFE9004787DD /* Debug */ = {
			isa = XCBuildConfiguration;
			buildSettings = {
				ALWAYS_SEARCH_USER_PATHS = NO;
				ASSETCATALOG_COMPILER_GENERATE_SWIFT_ASSET_SYMBOL_EXTENSIONS = YES;
				CLANG_ANALYZER_NONNULL = YES;
				CLANG_ANALYZER_NUMBER_OBJECT_CONVERSION = YES_AGGRESSIVE;
				CLANG_CXX_LANGUAGE_STANDARD = "gnu++20";
				CLANG_ENABLE_MODULES = YES;
				CLANG_ENABLE_OBJC_ARC = YES;
				CLANG_ENABLE_OBJC_WEAK = YES;
				CLANG_WARN_BLOCK_CAPTURE_AUTORELEASING = YES;
				CLANG_WARN_BOOL_CONVERSION = YES;
				CLANG_WARN_COMMA = YES;
				CLANG_WARN_CONSTANT_CONVERSION = YES;
				CLANG_WARN_DEPRECATED_OBJC_IMPLEMENTATIONS = YES;
				CLANG_WARN_DIRECT_OBJC_ISA_USAGE = YES_ERROR;
				CLANG_WARN_DOCUMENTATION_COMMENTS = YES;
				CLANG_WARN_EMPTY_BODY = YES;
				CLANG_WARN_ENUM_CONVERSION = YES;
				CLANG_WARN_INFINITE_RECURSION = YES;
				CLANG_WARN_INT_CONVERSION = YES;
				CLANG_WARN_NON_LITERAL_NULL_CONVERSION = YES;
				CLANG_WARN_OBJC_IMPLICIT_RETAIN_SELF = YES;
				CLANG_WARN_OBJC_LITERAL_CONVERSION = YES;
				CLANG_WARN_OBJC_ROOT_CLASS = YES_ERROR;
				CLANG_WARN_QUOTED_INCLUDE_IN_FRAMEWORK_HEADER = YES;
				CLANG_WARN_RANGE_LOOP_ANALYSIS = YES;
				CLANG_WARN_STRICT_PROTOTYPES = YES;
				CLANG_WARN_SUSPICIOUS_MOVE = YES;
				CLANG_WARN_UNGUARDED_AVAILABILITY = YES_AGGRESSIVE;
				CLANG_WARN_UNREACHABLE_CODE = YES;
				CLANG_WARN__DUPLICATE_METHOD_MATCH = YES;
				COPY_PHASE_STRIP = NO;
				DEBUG_INFORMATION_FORMAT = dwarf;
				ENABLE_STRICT_OBJC_MSGSEND = YES;
				ENABLE_TESTABILITY = YES;
				ENABLE_USER_SCRIPT_SANDBOXING = YES;
				GCC_C_LANGUAGE_STANDARD = gnu17;
				GCC_DYNAMIC_NO_PIC = NO;
				GCC_NO_COMMON_BLOCKS = YES;
				GCC_OPTIMIZATION_LEVEL = 0;
				GCC_PREPROCESSOR_DEFINITIONS = (
					"DEBUG=1",
					"$(inherited)",
				);
				GCC_WARN_64_TO_32_BIT_CONVERSION = YES;
				GCC_WARN_ABOUT_RETURN_TYPE = YES_ERROR;
				GCC_WARN_UNDECLARED_SELECTOR = YES;
				GCC_WARN_UNINITIALIZED_AUTOS = YES_AGGRESSIVE;
				GCC_WARN_UNUSED_FUNCTION = YES;
				GCC_WARN_UNUSED_VARIABLE = YES;
				IPHONEOS_DEPLOYMENT_TARGET = 17.2;
				LOCALIZATION_PREFERS_STRING_CATALOGS = YES;
				MTL_ENABLE_DEBUG_INFO = INCLUDE_SOURCE;
				MTL_FAST_MATH = YES;
				ONLY_ACTIVE_ARCH = YES;
				SDKROOT = iphoneos;
				SWIFT_ACTIVE_COMPILATION_CONDITIONS = "DEBUG $(inherited)";
				SWIFT_OPTIMIZATION_LEVEL = "-Onone";
			};
			name = Debug;
		};
		B51C95CC2EF1AFE9004787DD /* Release */ = {
			isa = XCBuildConfiguration;
			buildSettings = {
				ALWAYS_SEARCH_USER_PATHS = NO;
				ASSETCATALOG_COMPILER_GENERATE_SWIFT_ASSET_SYMBOL_EXTENSIONS = YES;
				CLANG_ANALYZER_NONNULL = YES;
				CLANG_ANALYZER_NUMBER_OBJECT_CONVERSION = YES_AGGRESSIVE;
				CLANG_CXX_LANGUAGE_STANDARD = "gnu++20";
				CLANG_ENABLE_MODULES = YES;
				CLANG_ENABLE_OBJC_ARC = YES;
				CLANG_ENABLE_OBJC_WEAK = YES;
				CLANG_WARN_BLOCK_CAPTURE_AUTORELEASING = YES;
				CLANG_WARN_BOOL_CONVERSION = YES;
				CLANG_WARN_COMMA = YES;
				CLANG_WARN_CONSTANT_CONVERSION = YES;
				CLANG_WARN_DEPRECATED_OBJC_IMPLEMENTATIONS = YES;
				CLANG_WARN_DIRECT_OBJC_ISA_USAGE = YES_ERROR;
				CLANG_WARN_DOCUMENTATION_COMMENTS = YES;
				CLANG_WARN_EMPTY_BODY = YES;
				CLANG_WARN_ENUM_CONVERSION = YES;
				CLANG_WARN_INFINITE_RECURSION = YES;
				CLANG_WARN_INT_CONVERSION = YES;
				CLANG_WARN_NON_LITERAL_NULL_CONVERSION = YES;
				CLANG_WARN_OBJC_IMPLICIT_RETAIN_SELF = YES;
				CLANG_WARN_OBJC_LITERAL_CONVERSION = YES;
				CLANG_WARN_OBJC_ROOT_CLASS = YES_ERROR;
				CLANG_WARN_QUOTED_INCLUDE_IN_FRAMEWORK_HEADER = YES;
				CLANG_WARN_RANGE_LOOP_ANALYSIS = YES;
				CLANG_WARN_STRICT_PROTOTYPES = YES;
				CLANG_WARN_SUSPICIOUS_MOVE = YES;
				CLANG_WARN_UNGUARDED_AVAILABILITY = YES_AGGRESSIVE;
				CLANG_WARN_UNREACHABLE_CODE = YES;
				CLANG_WARN__DUPLICATE_METHOD_MATCH = YES;
				COPY_PHASE_STRIP = NO;
				DEBUG_INFORMATION_FORMAT = "dwarf-with-dsym";
				ENABLE_NS_ASSERTIONS = NO;
				ENABLE_STRICT_OBJC_MSGSEND = YES;
				ENABLE_USER_SCRIPT_SANDBOXING = YES;
				GCC_C_LANGUAGE_STANDARD = gnu17;
				GCC_NO_COMMON_BLOCKS = YES;
				GCC_WARN_64_TO_32_BIT_CONVERSION = YES;
				GCC_WARN_ABOUT_RETURN_TYPE = YES_ERROR;
				GCC_WARN_UNDECLARED_SELECTOR = YES;
				GCC_WARN_UNINITIALIZED_AUTOS = YES_AGGRESSIVE;
				GCC_WARN_UNUSED_FUNCTION = YES;
				GCC_WARN_UNUSED_VARIABLE = YES;
				IPHONEOS_DEPLOYMENT_TARGET = 17.2;
				LOCALIZATION_PREFERS_STRING_CATALOGS = YES;
				MTL_ENABLE_DEBUG_INFO = NO;
				MTL_FAST_MATH = YES;
				SDKROOT = iphoneos;
				SWIFT_COMPILATION_MODE = wholemodule;
				VALIDATE_PRODUCT = YES;
			};
			name = Release;
		};
		B51C95CE2EF1AFE9004787DD /* Debug */ = {
			isa = XCBuildConfiguration;
			buildSettings = {
				ASSETCATALOG_COMPILER_APPICON_NAME = AppIcon;
				ASSETCATALOG_COMPILER_GLOBAL_ACCENT_COLOR_NAME = AccentColor;
				CODE_SIGN_STYLE = Automatic;
				CURRENT_PROJECT_VERSION = 1;
				GENERATE_INFOPLIST_FILE = YES;
				INFOPLIST_FILE = Proyecto/Info.plist;
				INFOPLIST_KEY_UIApplicationSupportsIndirectInputEvents = YES;
				INFOPLIST_KEY_UILaunchStoryboardName = LaunchScreen;
				INFOPLIST_KEY_UIMainStoryboardFile = Main;
				INFOPLIST_KEY_UISupportedInterfaceOrientations_iPad = "UIInterfaceOrientationPortrait UIInterfaceOrientationPortraitUpsideDown UIInterfaceOrientationLandscapeLeft UIInterfaceOrientationLandscapeRight";
				INFOPLIST_KEY_UISupportedInterfaceOrientations_iPhone = "UIInterfaceOrientationPortrait UIInterfaceOrientationLandscapeLeft UIInterfaceOrientationLandscapeRight";
				LD_RUNPATH_SEARCH_PATHS = (
					"$(inherited)",
					"@executable_path/Frameworks",
				);
				MARKETING_VERSION = 1.0;
				PRODUCT_BUNDLE_IDENTIFIER = cibertec.com.Proyecto;
				PRODUCT_NAME = "$(TARGET_NAME)";
				SWIFT_EMIT_LOC_STRINGS = YES;
				SWIFT_VERSION = 5.0;
				TARGETED_DEVICE_FAMILY = "1,2";
			};
			name = Debug;
		};
		B51C95CF2EF1AFE9004787DD /* Release */ = {
			isa = XCBuildConfiguration;
			buildSettings = {
				ASSETCATALOG_COMPILER_APPICON_NAME = AppIcon;
				ASSETCATALOG_COMPILER_GLOBAL_ACCENT_COLOR_NAME = AccentColor;
				CODE_SIGN_STYLE = Automatic;
				CURRENT_PROJECT_VERSION = 1;
				GENERATE_INFOPLIST_FILE = YES;
				INFOPLIST_FILE = Proyecto/Info.plist;
				INFOPLIST_KEY_UIApplicationSupportsIndirectInputEvents = YES;
				INFOPLIST_KEY_UILaunchStoryboardName = LaunchScreen;
				INFOPLIST_KEY_UIMainStoryboardFile = Main;
				INFOPLIST_KEY_UISupportedInterfaceOrientations_iPad = "UIInterfaceOrientationPortrait UIInterfaceOrientationPortraitUpsideDown UIInterfaceOrientationLandscapeLeft UIInterfaceOrientationLandscapeRight";
				INFOPLIST_KEY_UISupportedInterfaceOrientations_iPhone = "UIInterfaceOrientationPortrait UIInterfaceOrientationLandscapeLeft UIInterfaceOrientationLandscapeRight";
				LD_RUNPATH_SEARCH_PATHS = (
					"$(inherited)",
					"@executable_path/Frameworks",
				);
				MARKETING_VERSION = 1.0;
				PRODUCT_BUNDLE_IDENTIFIER = cibertec.com.Proyecto;
				PRODUCT_NAME = "$(TARGET_NAME)";
				SWIFT_EMIT_LOC_STRINGS = YES;
				SWIFT_VERSION = 5.0;
				TARGETED_DEVICE_FAMILY = "1,2";
			};
			name = Release;
		};
/* End XCBuildConfiguration section */

/* Begin XCConfigurationList section */
		B51C95B42EF1AFE8004787DD /* Build configuration list for PBXProject "Proyecto" */ = {
			isa = XCConfigurationList;
			buildConfigurations = (
				B51C95CB2EF1AFE9004787DD /* Debug */,
				B51C95CC2EF1AFE9004787DD /* Release */,
			);
			defaultConfigurationIsVisible = 0;
			defaultConfigurationName = Release;
		};
		B51C95CD2EF1AFE9004787DD /* Build configuration list for PBXNativeTarget "Proyecto" */ = {
			isa = XCConfigurationList;
			buildConfigurations = (
				B51C95CE2EF1AFE9004787DD /* Debug */,
				B51C95CF2EF1AFE9004787DD /* Release */,
			);
			defaultConfigurationIsVisible = 0;
			defaultConfigurationName = Release;
		};
/* End XCConfigurationList section */

/* Begin XCLocalSwiftPackageReference section */
		B58DC8C32EF4D22300A616D3 /* XCLocalSwiftPackageReference "../Kingfisher-master" */ = {
			isa = XCLocalSwiftPackageReference;
			relativePath = "../Kingfisher-master";
		};
/* End XCLocalSwiftPackageReference section */

/* Begin XCSwiftPackageProductDependency section */
		B58DC8C42EF4D22300A616D3 /* Kingfisher */ = {
			isa = XCSwiftPackageProductDependency;
			productName = Kingfisher;
		};
/* End XCSwiftPackageProductDependency section */
	};
	rootObject = B51C95B12EF1AFE8004787DD /* Project object */;
}
